{
  "requires": true,
  "lockfileVersion": 1,
  "dependencies": {
    "color-harmony": {
      "version": "0.3.0",
      "resolved": "https://registry.npmjs.org/color-harmony/-/color-harmony-0.3.0.tgz",
      "integrity": "sha1-PhmuouC69qpJVjRIZ4/sO083kF4=",
      "requires": {
        "onecolor": "^2.5.0"
      }
    },
    "onecolor": {
      "version": "2.5.0",
      "resolved": "https://registry.npmjs.org/onecolor/-/onecolor-2.5.0.tgz",
      "integrity": "sha1-Ila2UdyAfBAfAK7b1JklxXpEMcE="
    }
  }
}
